// !$*UTF8*$!
{
	archiveVersion = 1;
	classes = {
	};
	objectVersion = 50;
	objects = {

/* Begin PBXBuildFile section */
		2FF1F1C9D2A94E01A871B158 /* Pods_reach_ios.framework in Frameworks */ = {isa = PBXBuildFile; fileRef = C29E4B4A77B4AD88EE5682AB /* Pods_reach_ios.framework */; };
		4712DBCC221B368700D66D98 /* NewsFeedCell.swift in Sources */ = {isa = PBXBuildFile; fileRef = 4712DBCB221B368700D66D98 /* NewsFeedCell.swift */; };
		4712DBCE221B668D00D66D98 /* SideMenu.swift in Sources */ = {isa = PBXBuildFile; fileRef = 4712DBCD221B668D00D66D98 /* SideMenu.swift */; };
		4712DBD0221B7CCD00D66D98 /* SideMenuCell.swift in Sources */ = {isa = PBXBuildFile; fileRef = 4712DBCF221B7CCD00D66D98 /* SideMenuCell.swift */; };
		4727746D2215AC0E007B4BBE /* AppearanceManager.swift in Sources */ = {isa = PBXBuildFile; fileRef = 4727746C2215AC0E007B4BBE /* AppearanceManager.swift */; };
		4727746F2215AC93007B4BBE /* UIColor+Helpers.swift in Sources */ = {isa = PBXBuildFile; fileRef = 4727746E2215AC93007B4BBE /* UIColor+Helpers.swift */; };
		472774712215B86D007B4BBE /* URLManager.swift in Sources */ = {isa = PBXBuildFile; fileRef = 472774702215B86D007B4BBE /* URLManager.swift */; };
		47421A42221A239B00C9B3D4 /* GenericListView.swift in Sources */ = {isa = PBXBuildFile; fileRef = 47421A41221A239B00C9B3D4 /* GenericListView.swift */; };
		47421A44221A252300C9B3D4 /* HomeViewController.swift in Sources */ = {isa = PBXBuildFile; fileRef = 47421A43221A252300C9B3D4 /* HomeViewController.swift */; };
		4783580C2214058D00B33025 /* AppDelegate.swift in Sources */ = {isa = PBXBuildFile; fileRef = 4783580B2214058D00B33025 /* AppDelegate.swift */; };
		478358112214058D00B33025 /* Main.storyboard in Resources */ = {isa = PBXBuildFile; fileRef = 4783580F2214058D00B33025 /* Main.storyboard */; };
		478358132214058F00B33025 /* Assets.xcassets in Resources */ = {isa = PBXBuildFile; fileRef = 478358122214058F00B33025 /* Assets.xcassets */; };
		478358162214058F00B33025 /* LaunchScreen.storyboard in Resources */ = {isa = PBXBuildFile; fileRef = 478358142214058F00B33025 /* LaunchScreen.storyboard */; };
		4783582922140C7300B33025 /* UIStoryboards+Helpers.swift in Sources */ = {isa = PBXBuildFile; fileRef = 4783582822140C7300B33025 /* UIStoryboards+Helpers.swift */; };
		4783582B22140F6100B33025 /* UIViewController+Helpers.swift in Sources */ = {isa = PBXBuildFile; fileRef = 4783582A22140F6100B33025 /* UIViewController+Helpers.swift */; };
		4783582D2214104C00B33025 /* Banner.swift in Sources */ = {isa = PBXBuildFile; fileRef = 4783582C2214104C00B33025 /* Banner.swift */; };
		4783582F221416BB00B33025 /* AuthenticationManager.swift in Sources */ = {isa = PBXBuildFile; fileRef = 4783582E221416BB00B33025 /* AuthenticationManager.swift */; };
		478C9004221C4F6700245CF1 /* PerformanceViewController.swift in Sources */ = {isa = PBXBuildFile; fileRef = 478C9003221C4F6700245CF1 /* PerformanceViewController.swift */; };
		478C9007221CBD2C00245CF1 /* Constants.swift in Sources */ = {isa = PBXBuildFile; fileRef = 478C9006221CBD2C00245CF1 /* Constants.swift */; };
		478C9009221CBEAF00245CF1 /* ReportSaleViewController.swift in Sources */ = {isa = PBXBuildFile; fileRef = 478C9008221CBEAF00245CF1 /* ReportSaleViewController.swift */; };
		478C900B221CCF3500245CF1 /* Home.storyboard in Resources */ = {isa = PBXBuildFile; fileRef = 478C900A221CCF3500245CF1 /* Home.storyboard */; };
		4791CDBC221AC01F004CBB6B /* NetworkingManager.swift in Sources */ = {isa = PBXBuildFile; fileRef = 4791CDBB221AC01F004CBB6B /* NetworkingManager.swift */; };
		4791CDC0221AE544004CBB6B /* ProfilePictureProgressView.swift in Sources */ = {isa = PBXBuildFile; fileRef = 4791CDBF221AE544004CBB6B /* ProfilePictureProgressView.swift */; };
		4791CDC2221AF176004CBB6B /* CircularProgress.swift in Sources */ = {isa = PBXBuildFile; fileRef = 4791CDC1221AF176004CBB6B /* CircularProgress.swift */; };
		4791CDC4221AF994004CBB6B /* CurvedBottomView.swift in Sources */ = {isa = PBXBuildFile; fileRef = 4791CDC3221AF994004CBB6B /* CurvedBottomView.swift */; };
		47CCC44A221DABF9001FE2D5 /* QRScannerViewController.swift in Sources */ = {isa = PBXBuildFile; fileRef = 47CCC449221DABF9001FE2D5 /* QRScannerViewController.swift */; };
		47CCC44C221DECA6001FE2D5 /* UIAlertController+Helpers.swift in Sources */ = {isa = PBXBuildFile; fileRef = 47CCC44B221DECA6001FE2D5 /* UIAlertController+Helpers.swift */; };
		47CCC44E221DF5A2001FE2D5 /* ProductListTableViewController.swift in Sources */ = {isa = PBXBuildFile; fileRef = 47CCC44D221DF5A2001FE2D5 /* ProductListTableViewController.swift */; };
/* End PBXBuildFile section */

/* Begin PBXFileReference section */
		4712DBCB221B368700D66D98 /* NewsFeedCell.swift */ = {isa = PBXFileReference; lastKnownFileType = sourcecode.swift; path = NewsFeedCell.swift; sourceTree = "<group>"; };
		4712DBCD221B668D00D66D98 /* SideMenu.swift */ = {isa = PBXFileReference; lastKnownFileType = sourcecode.swift; path = SideMenu.swift; sourceTree = "<group>"; };
		4712DBCF221B7CCD00D66D98 /* SideMenuCell.swift */ = {isa = PBXFileReference; lastKnownFileType = sourcecode.swift; path = SideMenuCell.swift; sourceTree = "<group>"; };
		4727746C2215AC0E007B4BBE /* AppearanceManager.swift */ = {isa = PBXFileReference; lastKnownFileType = sourcecode.swift; name = AppearanceManager.swift; path = "reach-ios/Managers/AppearanceManager.swift"; sourceTree = SOURCE_ROOT; };
		4727746E2215AC93007B4BBE /* UIColor+Helpers.swift */ = {isa = PBXFileReference; lastKnownFileType = sourcecode.swift; path = "UIColor+Helpers.swift"; sourceTree = "<group>"; };
		472774702215B86D007B4BBE /* URLManager.swift */ = {isa = PBXFileReference; lastKnownFileType = sourcecode.swift; path = URLManager.swift; sourceTree = "<group>"; };
		47421A41221A239B00C9B3D4 /* GenericListView.swift */ = {isa = PBXFileReference; lastKnownFileType = sourcecode.swift; path = GenericListView.swift; sourceTree = "<group>"; };
		47421A43221A252300C9B3D4 /* HomeViewController.swift */ = {isa = PBXFileReference; lastKnownFileType = sourcecode.swift; path = HomeViewController.swift; sourceTree = "<group>"; };
		478358082214058D00B33025 /* reach-ios.app */ = {isa = PBXFileReference; explicitFileType = wrapper.application; includeInIndex = 0; path = "reach-ios.app"; sourceTree = BUILT_PRODUCTS_DIR; };
		4783580B2214058D00B33025 /* AppDelegate.swift */ = {isa = PBXFileReference; lastKnownFileType = sourcecode.swift; path = AppDelegate.swift; sourceTree = "<group>"; };
		478358102214058D00B33025 /* Base */ = {isa = PBXFileReference; lastKnownFileType = file.storyboard; name = Base; path = Base.lproj/Main.storyboard; sourceTree = "<group>"; };
		478358122214058F00B33025 /* Assets.xcassets */ = {isa = PBXFileReference; lastKnownFileType = folder.assetcatalog; path = Assets.xcassets; sourceTree = "<group>"; };
		478358152214058F00B33025 /* Base */ = {isa = PBXFileReference; lastKnownFileType = file.storyboard; name = Base; path = Base.lproj/LaunchScreen.storyboard; sourceTree = "<group>"; };
		478358172214058F00B33025 /* Info.plist */ = {isa = PBXFileReference; lastKnownFileType = text.plist.xml; path = Info.plist; sourceTree = "<group>"; };
		4783582822140C7300B33025 /* UIStoryboards+Helpers.swift */ = {isa = PBXFileReference; lastKnownFileType = sourcecode.swift; path = "UIStoryboards+Helpers.swift"; sourceTree = "<group>"; };
		4783582A22140F6100B33025 /* UIViewController+Helpers.swift */ = {isa = PBXFileReference; lastKnownFileType = sourcecode.swift; path = "UIViewController+Helpers.swift"; sourceTree = "<group>"; };
		4783582C2214104C00B33025 /* Banner.swift */ = {isa = PBXFileReference; lastKnownFileType = sourcecode.swift; path = Banner.swift; sourceTree = "<group>"; };
		4783582E221416BB00B33025 /* AuthenticationManager.swift */ = {isa = PBXFileReference; lastKnownFileType = sourcecode.swift; path = AuthenticationManager.swift; sourceTree = "<group>"; };
		478C9003221C4F6700245CF1 /* PerformanceViewController.swift */ = {isa = PBXFileReference; lastKnownFileType = sourcecode.swift; path = PerformanceViewController.swift; sourceTree = "<group>"; };
		478C9006221CBD2C00245CF1 /* Constants.swift */ = {isa = PBXFileReference; lastKnownFileType = sourcecode.swift; path = Constants.swift; sourceTree = "<group>"; };
		478C9008221CBEAF00245CF1 /* ReportSaleViewController.swift */ = {isa = PBXFileReference; lastKnownFileType = sourcecode.swift; path = ReportSaleViewController.swift; sourceTree = "<group>"; };
		478C900A221CCF3500245CF1 /* Home.storyboard */ = {isa = PBXFileReference; fileEncoding = 4; lastKnownFileType = file.storyboard; path = Home.storyboard; sourceTree = "<group>"; };
		4791CDBB221AC01F004CBB6B /* NetworkingManager.swift */ = {isa = PBXFileReference; lastKnownFileType = sourcecode.swift; path = NetworkingManager.swift; sourceTree = "<group>"; };
		4791CDBF221AE544004CBB6B /* ProfilePictureProgressView.swift */ = {isa = PBXFileReference; lastKnownFileType = sourcecode.swift; name = ProfilePictureProgressView.swift; path = "reach-ios/Views/ProfilePictureProgressView.swift"; sourceTree = SOURCE_ROOT; };
		4791CDC1221AF176004CBB6B /* CircularProgress.swift */ = {isa = PBXFileReference; lastKnownFileType = sourcecode.swift; path = CircularProgress.swift; sourceTree = "<group>"; };
		4791CDC3221AF994004CBB6B /* CurvedBottomView.swift */ = {isa = PBXFileReference; lastKnownFileType = sourcecode.swift; path = CurvedBottomView.swift; sourceTree = "<group>"; };
		47CCC449221DABF9001FE2D5 /* QRScannerViewController.swift */ = {isa = PBXFileReference; lastKnownFileType = sourcecode.swift; path = QRScannerViewController.swift; sourceTree = "<group>"; };
		47CCC44B221DECA6001FE2D5 /* UIAlertController+Helpers.swift */ = {isa = PBXFileReference; lastKnownFileType = sourcecode.swift; path = "UIAlertController+Helpers.swift"; sourceTree = "<group>"; };
		47CCC44D221DF5A2001FE2D5 /* ProductListTableViewController.swift */ = {isa = PBXFileReference; lastKnownFileType = sourcecode.swift; path = ProductListTableViewController.swift; sourceTree = "<group>"; };
		641B5CB5B77FCC6338382EC7 /* Pods-reach-ios.release.xcconfig */ = {isa = PBXFileReference; includeInIndex = 1; lastKnownFileType = text.xcconfig; name = "Pods-reach-ios.release.xcconfig"; path = "Pods/Target Support Files/Pods-reach-ios/Pods-reach-ios.release.xcconfig"; sourceTree = "<group>"; };
		86B60EF371E49B4F80C43634 /* Pods-reach-ios.debug.xcconfig */ = {isa = PBXFileReference; includeInIndex = 1; lastKnownFileType = text.xcconfig; name = "Pods-reach-ios.debug.xcconfig"; path = "Pods/Target Support Files/Pods-reach-ios/Pods-reach-ios.debug.xcconfig"; sourceTree = "<group>"; };
		C29E4B4A77B4AD88EE5682AB /* Pods_reach_ios.framework */ = {isa = PBXFileReference; explicitFileType = wrapper.framework; includeInIndex = 0; path = Pods_reach_ios.framework; sourceTree = BUILT_PRODUCTS_DIR; };
/* End PBXFileReference section */

/* Begin PBXFrameworksBuildPhase section */
		478358052214058D00B33025 /* Frameworks */ = {
			isa = PBXFrameworksBuildPhase;
			buildActionMask = 2147483647;
			files = (
				2FF1F1C9D2A94E01A871B158 /* Pods_reach_ios.framework in Frameworks */,
			);
			runOnlyForDeploymentPostprocessing = 0;
		};
/* End PBXFrameworksBuildPhase section */

/* Begin PBXGroup section */
		4712DBD1221B7D0200D66D98 /* Cells */ = {
			isa = PBXGroup;
			children = (
				4712DBCB221B368700D66D98 /* NewsFeedCell.swift */,
				4712DBCF221B7CCD00D66D98 /* SideMenuCell.swift */,
			);
			path = Cells;
			sourceTree = "<group>";
		};
		4712DBD2221B7D0A00D66D98 /* Views */ = {
			isa = PBXGroup;
			children = (
				4712DBCD221B668D00D66D98 /* SideMenu.swift */,
			);
			path = Views;
			sourceTree = "<group>";
		};
		478357FF2214058D00B33025 = {
			isa = PBXGroup;
			children = (
				4783580A2214058D00B33025 /* reach-ios */,
				478358092214058D00B33025 /* Products */,
				562F2F89AA6AC1EF3905F9B4 /* Pods */,
				5CD7B9B6A5466760CE518A0C /* Frameworks */,
			);
			sourceTree = "<group>";
		};
		478358092214058D00B33025 /* Products */ = {
			isa = PBXGroup;
			children = (
				478358082214058D00B33025 /* reach-ios.app */,
			);
			name = Products;
			sourceTree = "<group>";
		};
		4783580A2214058D00B33025 /* reach-ios */ = {
			isa = PBXGroup;
			children = (
				4783580B2214058D00B33025 /* AppDelegate.swift */,
				47835830221417D600B33025 /* Constants */,
				4783581F2214083D00B33025 /* Extensions */,
				478358202214084600B33025 /* Managers */,
				478358212214084E00B33025 /* Models */,
				4783581D2214081E00B33025 /* ViewControllers */,
				4783581E2214082600B33025 /* Views */,
				478358222214086E00B33025 /* Resources */,
			);
			path = "reach-ios";
			sourceTree = "<group>";
		};
		4783581D2214081E00B33025 /* ViewControllers */ = {
			isa = PBXGroup;
			children = (
				478C9002221C4F4500245CF1 /* HomeViewController */,
				478C9005221C4F6C00245CF1 /* PerformanceViewController */,
				478C900C221CCFEF00245CF1 /* ReportSaleViewController */,
			);
			path = ViewControllers;
			sourceTree = "<group>";
		};
		4783581E2214082600B33025 /* Views */ = {
			isa = PBXGroup;
			children = (
				4783582C2214104C00B33025 /* Banner.swift */,
				4791CDC1221AF176004CBB6B /* CircularProgress.swift */,
				4791CDBF221AE544004CBB6B /* ProfilePictureProgressView.swift */,
				4791CDC3221AF994004CBB6B /* CurvedBottomView.swift */,
			);
			path = Views;
			sourceTree = "<group>";
		};
		4783581F2214083D00B33025 /* Extensions */ = {
			isa = PBXGroup;
			children = (
				47421A41221A239B00C9B3D4 /* GenericListView.swift */,
				4727746E2215AC93007B4BBE /* UIColor+Helpers.swift */,
				4783582822140C7300B33025 /* UIStoryboards+Helpers.swift */,
				4783582A22140F6100B33025 /* UIViewController+Helpers.swift */,
				47CCC44B221DECA6001FE2D5 /* UIAlertController+Helpers.swift */,
			);
			path = Extensions;
			sourceTree = "<group>";
		};
		478358202214084600B33025 /* Managers */ = {
			isa = PBXGroup;
			children = (
				4727746C2215AC0E007B4BBE /* AppearanceManager.swift */,
				4783582E221416BB00B33025 /* AuthenticationManager.swift */,
				478358272214093E00B33025 /* Networking */,
			);
			path = Managers;
			sourceTree = "<group>";
		};
		478358212214084E00B33025 /* Models */ = {
			isa = PBXGroup;
			children = (
			);
			path = Models;
			sourceTree = "<group>";
		};
		478358222214086E00B33025 /* Resources */ = {
			isa = PBXGroup;
			children = (
				478358242214089F00B33025 /* Assets */,
				478358232214087D00B33025 /* Storyboards */,
				47835825221408AF00B33025 /* Supporting files */,
				47835826221408CF00B33025 /* Xibs */,
			);
			path = Resources;
			sourceTree = "<group>";
		};
		478358232214087D00B33025 /* Storyboards */ = {
			isa = PBXGroup;
			children = (
				478358142214058F00B33025 /* LaunchScreen.storyboard */,
				478C900A221CCF3500245CF1 /* Home.storyboard */,
				4783580F2214058D00B33025 /* Main.storyboard */,
			);
			path = Storyboards;
			sourceTree = "<group>";
		};
		478358242214089F00B33025 /* Assets */ = {
			isa = PBXGroup;
			children = (
				478358122214058F00B33025 /* Assets.xcassets */,
			);
			path = Assets;
			sourceTree = "<group>";
		};
		47835825221408AF00B33025 /* Supporting files */ = {
			isa = PBXGroup;
			children = (
				478358172214058F00B33025 /* Info.plist */,
			);
			path = "Supporting files";
			sourceTree = "<group>";
		};
		47835826221408CF00B33025 /* Xibs */ = {
			isa = PBXGroup;
			children = (
			);
			path = Xibs;
			sourceTree = "<group>";
		};
		478358272214093E00B33025 /* Networking */ = {
			isa = PBXGroup;
			children = (
				4791CDBB221AC01F004CBB6B /* NetworkingManager.swift */,
				472774702215B86D007B4BBE /* URLManager.swift */,
			);
			path = Networking;
			sourceTree = "<group>";
		};
		47835830221417D600B33025 /* Constants */ = {
			isa = PBXGroup;
			children = (
				478C9006221CBD2C00245CF1 /* Constants.swift */,
			);
			path = Constants;
			sourceTree = "<group>";
		};
		478C9002221C4F4500245CF1 /* HomeViewController */ = {
			isa = PBXGroup;
			children = (
				47421A43221A252300C9B3D4 /* HomeViewController.swift */,
				4712DBD2221B7D0A00D66D98 /* Views */,
				4712DBD1221B7D0200D66D98 /* Cells */,
			);
			path = HomeViewController;
			sourceTree = "<group>";
		};
		478C9005221C4F6C00245CF1 /* PerformanceViewController */ = {
			isa = PBXGroup;
			children = (
				478C9003221C4F6700245CF1 /* PerformanceViewController.swift */,
			);
			path = PerformanceViewController;
			sourceTree = "<group>";
		};
		478C900C221CCFEF00245CF1 /* ReportSaleViewController */ = {
			isa = PBXGroup;
			children = (
				478C9008221CBEAF00245CF1 /* ReportSaleViewController.swift */,
				47CCC449221DABF9001FE2D5 /* QRScannerViewController.swift */,
				47CCC44D221DF5A2001FE2D5 /* ProductListTableViewController.swift */,
			);
			path = ReportSaleViewController;
			sourceTree = "<group>";
		};
		562F2F89AA6AC1EF3905F9B4 /* Pods */ = {
			isa = PBXGroup;
			children = (
				86B60EF371E49B4F80C43634 /* Pods-reach-ios.debug.xcconfig */,
				641B5CB5B77FCC6338382EC7 /* Pods-reach-ios.release.xcconfig */,
			);
			name = Pods;
			sourceTree = "<group>";
		};
		5CD7B9B6A5466760CE518A0C /* Frameworks */ = {
			isa = PBXGroup;
			children = (
				C29E4B4A77B4AD88EE5682AB /* Pods_reach_ios.framework */,
			);
			name = Frameworks;
			sourceTree = "<group>";
		};
/* End PBXGroup section */

/* Begin PBXNativeTarget section */
		478358072214058D00B33025 /* reach-ios */ = {
			isa = PBXNativeTarget;
			buildConfigurationList = 4783581A2214058F00B33025 /* Build configuration list for PBXNativeTarget "reach-ios" */;
			buildPhases = (
				1B24E5F9FEBB0C39E84E6C6F /* [CP] Check Pods Manifest.lock */,
				478358042214058D00B33025 /* Sources */,
				478358052214058D00B33025 /* Frameworks */,
				478358062214058D00B33025 /* Resources */,
				F9FBC4550E03D00AFEFAD8B0 /* [CP] Embed Pods Frameworks */,
			);
			buildRules = (
			);
			dependencies = (
			);
			name = "reach-ios";
			productName = "reach-ios";
			productReference = 478358082214058D00B33025 /* reach-ios.app */;
			productType = "com.apple.product-type.application";
		};
/* End PBXNativeTarget section */

/* Begin PBXProject section */
		478358002214058D00B33025 /* Project object */ = {
			isa = PBXProject;
			attributes = {
				LastSwiftUpdateCheck = 1010;
				LastUpgradeCheck = 1010;
				ORGANIZATIONNAME = "Elie El Khoury";
				TargetAttributes = {
					478358072214058D00B33025 = {
						CreatedOnToolsVersion = 10.1;
					};
				};
			};
			buildConfigurationList = 478358032214058D00B33025 /* Build configuration list for PBXProject "reach-ios" */;
			compatibilityVersion = "Xcode 9.3";
			developmentRegion = en;
			hasScannedForEncodings = 0;
			knownRegions = (
				en,
				Base,
			);
			mainGroup = 478357FF2214058D00B33025;
			productRefGroup = 478358092214058D00B33025 /* Products */;
			projectDirPath = "";
			projectRoot = "";
			targets = (
				478358072214058D00B33025 /* reach-ios */,
			);
		};
/* End PBXProject section */

/* Begin PBXResourcesBuildPhase section */
		478358062214058D00B33025 /* Resources */ = {
			isa = PBXResourcesBuildPhase;
			buildActionMask = 2147483647;
			files = (
				478358162214058F00B33025 /* LaunchScreen.storyboard in Resources */,
				478358132214058F00B33025 /* Assets.xcassets in Resources */,
				478358112214058D00B33025 /* Main.storyboard in Resources */,
				478C900B221CCF3500245CF1 /* Home.storyboard in Resources */,
			);
			runOnlyForDeploymentPostprocessing = 0;
		};
/* End PBXResourcesBuildPhase section */

/* Begin PBXShellScriptBuildPhase section */
		1B24E5F9FEBB0C39E84E6C6F /* [CP] Check Pods Manifest.lock */ = {
			isa = PBXShellScriptBuildPhase;
			buildActionMask = 2147483647;
			files = (
			);
			inputPaths = (
				"${PODS_PODFILE_DIR_PATH}/Podfile.lock",
				"${PODS_ROOT}/Manifest.lock",
			);
			name = "[CP] Check Pods Manifest.lock";
			outputPaths = (
				"$(DERIVED_FILE_DIR)/Pods-reach-ios-checkManifestLockResult.txt",
			);
			runOnlyForDeploymentPostprocessing = 0;
			shellPath = /bin/sh;
			shellScript = "diff \"${PODS_PODFILE_DIR_PATH}/Podfile.lock\" \"${PODS_ROOT}/Manifest.lock\" > /dev/null\nif [ $? != 0 ] ; then\n    # print error to STDERR\n    echo \"error: The sandbox is not in sync with the Podfile.lock. Run 'pod install' or update your CocoaPods installation.\" >&2\n    exit 1\nfi\n# This output is used by Xcode 'outputs' to avoid re-running this script phase.\necho \"SUCCESS\" > \"${SCRIPT_OUTPUT_FILE_0}\"\n";
			showEnvVarsInLog = 0;
		};
		F9FBC4550E03D00AFEFAD8B0 /* [CP] Embed Pods Frameworks */ = {
			isa = PBXShellScriptBuildPhase;
			buildActionMask = 2147483647;
			files = (
			);
			inputPaths = (
				"${SRCROOT}/Pods/Target Support Files/Pods-reach-ios/Pods-reach-ios-frameworks.sh",
				"${BUILT_PRODUCTS_DIR}/EAIntroView/EAIntroView.framework",
				"${BUILT_PRODUCTS_DIR}/EARestrictedScrollView/EARestrictedScrollView.framework",
				"${BUILT_PRODUCTS_DIR}/SVProgressHUD/SVProgressHUD.framework",
				"${BUILT_PRODUCTS_DIR}/SkyFloatingLabelTextField/SkyFloatingLabelTextField.framework",
				"${BUILT_PRODUCTS_DIR}/SwiftyUserDefaults/SwiftyUserDefaults.framework",
				"${BUILT_PRODUCTS_DIR}/UITextView+Placeholder/UITextView_Placeholder.framework",
				"${BUILT_PRODUCTS_DIR}/ZKUDID/ZKUDID.framework",
			);
			name = "[CP] Embed Pods Frameworks";
			outputPaths = (
				"${TARGET_BUILD_DIR}/${FRAMEWORKS_FOLDER_PATH}/EAIntroView.framework",
				"${TARGET_BUILD_DIR}/${FRAMEWORKS_FOLDER_PATH}/EARestrictedScrollView.framework",
				"${TARGET_BUILD_DIR}/${FRAMEWORKS_FOLDER_PATH}/SVProgressHUD.framework",
				"${TARGET_BUILD_DIR}/${FRAMEWORKS_FOLDER_PATH}/SkyFloatingLabelTextField.framework",
				"${TARGET_BUILD_DIR}/${FRAMEWORKS_FOLDER_PATH}/SwiftyUserDefaults.framework",
				"${TARGET_BUILD_DIR}/${FRAMEWORKS_FOLDER_PATH}/UITextView_Placeholder.framework",
				"${TARGET_BUILD_DIR}/${FRAMEWORKS_FOLDER_PATH}/ZKUDID.framework",
			);
			runOnlyForDeploymentPostprocessing = 0;
			shellPath = /bin/sh;
			shellScript = "\"${SRCROOT}/Pods/Target Support Files/Pods-reach-ios/Pods-reach-ios-frameworks.sh\"\n";
			showEnvVarsInLog = 0;
		};
/* End PBXShellScriptBuildPhase section */

/* Begin PBXSourcesBuildPhase section */
		478358042214058D00B33025 /* Sources */ = {
			isa = PBXSourcesBuildPhase;
			buildActionMask = 2147483647;
			files = (
				4791CDC2221AF176004CBB6B /* CircularProgress.swift in Sources */,
				478C9007221CBD2C00245CF1 /* Constants.swift in Sources */,
				4783582922140C7300B33025 /* UIStoryboards+Helpers.swift in Sources */,
				47CCC44E221DF5A2001FE2D5 /* ProductListTableViewController.swift in Sources */,
				472774712215B86D007B4BBE /* URLManager.swift in Sources */,
				4712DBCE221B668D00D66D98 /* SideMenu.swift in Sources */,
				4727746D2215AC0E007B4BBE /* AppearanceManager.swift in Sources */,
				47CCC44C221DECA6001FE2D5 /* UIAlertController+Helpers.swift in Sources */,
				478C9004221C4F6700245CF1 /* PerformanceViewController.swift in Sources */,
				4727746F2215AC93007B4BBE /* UIColor+Helpers.swift in Sources */,
				4712DBCC221B368700D66D98 /* NewsFeedCell.swift in Sources */,
				4791CDC0221AE544004CBB6B /* ProfilePictureProgressView.swift in Sources */,
				4783582D2214104C00B33025 /* Banner.swift in Sources */,
				47421A44221A252300C9B3D4 /* HomeViewController.swift in Sources */,
				4791CDC4221AF994004CBB6B /* CurvedBottomView.swift in Sources */,
				478C9009221CBEAF00245CF1 /* ReportSaleViewController.swift in Sources */,
				4783582B22140F6100B33025 /* UIViewController+Helpers.swift in Sources */,
				4791CDBC221AC01F004CBB6B /* NetworkingManager.swift in Sources */,
				4783582F221416BB00B33025 /* AuthenticationManager.swift in Sources */,
				47421A42221A239B00C9B3D4 /* GenericListView.swift in Sources */,
				4783580C2214058D00B33025 /* AppDelegate.swift in Sources */,
				4712DBD0221B7CCD00D66D98 /* SideMenuCell.swift in Sources */,
				47CCC44A221DABF9001FE2D5 /* QRScannerViewController.swift in Sources */,
			);
			runOnlyForDeploymentPostprocessing = 0;
		};
/* End PBXSourcesBuildPhase section */

/* Begin PBXVariantGroup section */
		4783580F2214058D00B33025 /* Main.storyboard */ = {
			isa = PBXVariantGroup;
			children = (
				478358102214058D00B33025 /* Base */,
			);
			name = Main.storyboard;
			sourceTree = "<group>";
		};
		478358142214058F00B33025 /* LaunchScreen.storyboard */ = {
			isa = PBXVariantGroup;
			children = (
				478358152214058F00B33025 /* Base */,
			);
			name = LaunchScreen.storyboard;
			sourceTree = "<group>";
		};
/* End PBXVariantGroup section */

/* Begin XCBuildConfiguration section */
		478358182214058F00B33025 /* Debug */ = {
			isa = XCBuildConfiguration;
			buildSettings = {
				ALWAYS_SEARCH_USER_PATHS = NO;
				CLANG_ANALYZER_NONNULL = YES;
				CLANG_ANALYZER_NUMBER_OBJECT_CONVERSION = YES_AGGRESSIVE;
				CLANG_CXX_LANGUAGE_STANDARD = "gnu++14";
				CLANG_CXX_LIBRARY = "libc++";
				CLANG_ENABLE_MODULES = YES;
				CLANG_ENABLE_OBJC_ARC = YES;
				CLANG_ENABLE_OBJC_WEAK = YES;
				CLANG_WARN_BLOCK_CAPTURE_AUTORELEASING = YES;
				CLANG_WARN_BOOL_CONVERSION = YES;
				CLANG_WARN_COMMA = YES;
				CLANG_WARN_CONSTANT_CONVERSION = YES;
				CLANG_WARN_DEPRECATED_OBJC_IMPLEMENTATIONS = YES;
				CLANG_WARN_DIRECT_OBJC_ISA_USAGE = YES_ERROR;
				CLANG_WARN_DOCUMENTATION_COMMENTS = YES;
				CLANG_WARN_EMPTY_BODY = YES;
				CLANG_WARN_ENUM_CONVERSION = YES;
				CLANG_WARN_INFINITE_RECURSION = YES;
				CLANG_WARN_INT_CONVERSION = YES;
				CLANG_WARN_NON_LITERAL_NULL_CONVERSION = YES;
				CLANG_WARN_OBJC_IMPLICIT_RETAIN_SELF = YES;
				CLANG_WARN_OBJC_LITERAL_CONVERSION = YES;
				CLANG_WARN_OBJC_ROOT_CLASS = YES_ERROR;
				CLANG_WARN_RANGE_LOOP_ANALYSIS = YES;
				CLANG_WARN_STRICT_PROTOTYPES = YES;
				CLANG_WARN_SUSPICIOUS_MOVE = YES;
				CLANG_WARN_UNGUARDED_AVAILABILITY = YES_AGGRESSIVE;
				CLANG_WARN_UNREACHABLE_CODE = YES;
				CLANG_WARN__DUPLICATE_METHOD_MATCH = YES;
				CODE_SIGN_IDENTITY = "iPhone Developer";
				COPY_PHASE_STRIP = NO;
				DEBUG_INFORMATION_FORMAT = dwarf;
				ENABLE_STRICT_OBJC_MSGSEND = YES;
				ENABLE_TESTABILITY = YES;
				GCC_C_LANGUAGE_STANDARD = gnu11;
				GCC_DYNAMIC_NO_PIC = NO;
				GCC_NO_COMMON_BLOCKS = YES;
				GCC_OPTIMIZATION_LEVEL = 0;
				GCC_PREPROCESSOR_DEFINITIONS = (
					"DEBUG=1",
					"$(inherited)",
				);
				GCC_WARN_64_TO_32_BIT_CONVERSION = YES;
				GCC_WARN_ABOUT_RETURN_TYPE = YES_ERROR;
				GCC_WARN_UNDECLARED_SELECTOR = YES;
				GCC_WARN_UNINITIALIZED_AUTOS = YES_AGGRESSIVE;
				GCC_WARN_UNUSED_FUNCTION = YES;
				GCC_WARN_UNUSED_VARIABLE = YES;
				IPHONEOS_DEPLOYMENT_TARGET = 12.1;
				MTL_ENABLE_DEBUG_INFO = INCLUDE_SOURCE;
				MTL_FAST_MATH = YES;
				ONLY_ACTIVE_ARCH = YES;
				SDKROOT = iphoneos;
				SWIFT_ACTIVE_COMPILATION_CONDITIONS = DEBUG;
				SWIFT_OPTIMIZATION_LEVEL = "-Onone";
			};
			name = Debug;
		};
		478358192214058F00B33025 /* Release */ = {
			isa = XCBuildConfiguration;
			buildSettings = {
				ALWAYS_SEARCH_USER_PATHS = NO;
				CLANG_ANALYZER_NONNULL = YES;
				CLANG_ANALYZER_NUMBER_OBJECT_CONVERSION = YES_AGGRESSIVE;
				CLANG_CXX_LANGUAGE_STANDARD = "gnu++14";
				CLANG_CXX_LIBRARY = "libc++";
				CLANG_ENABLE_MODULES = YES;
				CLANG_ENABLE_OBJC_ARC = YES;
				CLANG_ENABLE_OBJC_WEAK = YES;
				CLANG_WARN_BLOCK_CAPTURE_AUTORELEASING = YES;
				CLANG_WARN_BOOL_CONVERSION = YES;
				CLANG_WARN_COMMA = YES;
				CLANG_WARN_CONSTANT_CONVERSION = YES;
				CLANG_WARN_DEPRECATED_OBJC_IMPLEMENTATIONS = YES;
				CLANG_WARN_DIRECT_OBJC_ISA_USAGE = YES_ERROR;
				CLANG_WARN_DOCUMENTATION_COMMENTS = YES;
				CLANG_WARN_EMPTY_BODY = YES;
				CLANG_WARN_ENUM_CONVERSION = YES;
				CLANG_WARN_INFINITE_RECURSION = YES;
				CLANG_WARN_INT_CONVERSION = YES;
				CLANG_WARN_NON_LITERAL_NULL_CONVERSION = YES;
				CLANG_WARN_OBJC_IMPLICIT_RETAIN_SELF = YES;
				CLANG_WARN_OBJC_LITERAL_CONVERSION = YES;
				CLANG_WARN_OBJC_ROOT_CLASS = YES_ERROR;
				CLANG_WARN_RANGE_LOOP_ANALYSIS = YES;
				CLANG_WARN_STRICT_PROTOTYPES = YES;
				CLANG_WARN_SUSPICIOUS_MOVE = YES;
				CLANG_WARN_UNGUARDED_AVAILABILITY = YES_AGGRESSIVE;
				CLANG_WARN_UNREACHABLE_CODE = YES;
				CLANG_WARN__DUPLICATE_METHOD_MATCH = YES;
				CODE_SIGN_IDENTITY = "iPhone Developer";
				COPY_PHASE_STRIP = NO;
				DEBUG_INFORMATION_FORMAT = "dwarf-with-dsym";
				ENABLE_NS_ASSERTIONS = NO;
				ENABLE_STRICT_OBJC_MSGSEND = YES;
				GCC_C_LANGUAGE_STANDARD = gnu11;
				GCC_NO_COMMON_BLOCKS = YES;
				GCC_WARN_64_TO_32_BIT_CONVERSION = YES;
				GCC_WARN_ABOUT_RETURN_TYPE = YES_ERROR;
				GCC_WARN_UNDECLARED_SELECTOR = YES;
				GCC_WARN_UNINITIALIZED_AUTOS = YES_AGGRESSIVE;
				GCC_WARN_UNUSED_FUNCTION = YES;
				GCC_WARN_UNUSED_VARIABLE = YES;
				IPHONEOS_DEPLOYMENT_TARGET = 12.1;
				MTL_ENABLE_DEBUG_INFO = NO;
				MTL_FAST_MATH = YES;
				SDKROOT = iphoneos;
				SWIFT_COMPILATION_MODE = wholemodule;
				SWIFT_OPTIMIZATION_LEVEL = "-O";
				VALIDATE_PRODUCT = YES;
			};
			name = Release;
		};
		4783581B2214058F00B33025 /* Debug */ = {
			isa = XCBuildConfiguration;
			baseConfigurationReference = 86B60EF371E49B4F80C43634 /* Pods-reach-ios.debug.xcconfig */;
			buildSettings = {
				ASSETCATALOG_COMPILER_APPICON_NAME = AppIcon;
				CODE_SIGN_STYLE = Automatic;
				DEVELOPMENT_TEAM = Z6WQVEM27Z;
				INFOPLIST_FILE = "$(SRCROOT)/reach-ios/Resources/Supporting files/Info.plist";
				LD_RUNPATH_SEARCH_PATHS = (
					"$(inherited)",
					"@executable_path/Frameworks",
				);
				PRODUCT_BUNDLE_IDENTIFIER = "com.Elie.reach-ios";
				PRODUCT_NAME = "$(TARGET_NAME)";
				SWIFT_VERSION = 4.2;
				TARGETED_DEVICE_FAMILY = 1;
			};
			name = Debug;
		};
		4783581C2214058F00B33025 /* Release */ = {
			isa = XCBuildConfiguration;
			baseConfigurationReference = 641B5CB5B77FCC6338382EC7 /* Pods-reach-ios.release.xcconfig */;
			buildSettings = {
				ASSETCATALOG_COMPILER_APPICON_NAME = AppIcon;
				CODE_SIGN_STYLE = Automatic;
				DEVELOPMENT_TEAM = Z6WQVEM27Z;
				INFOPLIST_FILE = "$(SRCROOT)/reach-ios/Resources/Supporting files/Info.plist";
				LD_RUNPATH_SEARCH_PATHS = (
					"$(inherited)",
					"@executable_path/Frameworks",
				);
				PRODUCT_BUNDLE_IDENTIFIER = "com.Elie.reach-ios";
				PRODUCT_NAME = "$(TARGET_NAME)";
				SWIFT_VERSION = 4.2;
				TARGETED_DEVICE_FAMILY = 1;
			};
			name = Release;
		};
/* End XCBuildConfiguration section */

/* Begin XCConfigurationList section */
		478358032214058D00B33025 /* Build configuration list for PBXProject "reach-ios" */ = {
			isa = XCConfigurationList;
			buildConfigurations = (
				478358182214058F00B33025 /* Debug */,
				478358192214058F00B33025 /* Release */,
			);
			defaultConfigurationIsVisible = 0;
			defaultConfigurationName = Release;
		};
		4783581A2214058F00B33025 /* Build configuration list for PBXNativeTarget "reach-ios" */ = {
			isa = XCConfigurationList;
			buildConfigurations = (
				4783581B2214058F00B33025 /* Debug */,
				4783581C2214058F00B33025 /* Release */,
			);
			defaultConfigurationIsVisible = 0;
			defaultConfigurationName = Release;
		};
/* End XCConfigurationList section */
	};
	rootObject = 478358002214058D00B33025 /* Project object */;
}
